
Microsoft Visual Studio Solution File, Format Version 12.00
# Visual Studio Version 17
VisualStudioVersion = 17.14.36511.14
MinimumVisualStudioVersion = 10.0.40219.1
Project("{FAE04EC0-301F-11D3-BF4B-00C04F79EFBC}") = "BeClean.Repository", "BeClean.Repository\BeClean.Repository.csproj", "{A750DC1C-8840-4DCC-8F32-138D59DC560C}"
EndProject
Project("{FAE04EC0-301F-11D3-BF4B-00C04F79EFBC}") = "BeClean.DataLayer", "BeClean.DataLayer\BeClean.DataLayer.csproj", "{4F2EB3D5-5D3A-49CE-B05F-16F26A786AEF}"
EndProject
Project("{FAE04EC0-301F-11D3-BF4B-00C04F79EFBC}") = "BeClean.DataLayer.IntegrationTest.Db", "BeClean.DataLayer.IntegrationTest.Db\BeClean.DataLayer.IntegrationTest.Db.csproj", "{FDB24582-7A1E-4520-9183-E58A873703F4}"
EndProject
Global
	GlobalSection(SolutionConfigurationPlatforms) = preSolution
		Debug|Any CPU = Debug|Any CPU
		Release|Any CPU = Release|Any CPU
	EndGlobalSection
	GlobalSection(ProjectConfigurationPlatforms) = postSolution
		{A750DC1C-8840-4DCC-8F32-138D59DC560C}.Debug|Any CPU.ActiveCfg = Debug|Any CPU
		{A750DC1C-8840-4DCC-8F32-138D59DC560C}.Debug|Any CPU.Build.0 = Debug|Any CPU
		{A750DC1C-8840-4DCC-8F32-138D59DC560C}.Release|Any CPU.ActiveCfg = Release|Any CPU
		{A750DC1C-8840-4DCC-8F32-138D59DC560C}.Release|Any CPU.Build.0 = Release|Any CPU
		{4F2EB3D5-5D3A-49CE-B05F-16F26A786AEF}.Debug|Any CPU.ActiveCfg = Debug|Any CPU
		{4F2EB3D5-5D3A-49CE-B05F-16F26A786AEF}.Debug|Any CPU.Build.0 = Debug|Any CPU
		{4F2EB3D5-5D3A-49CE-B05F-16F26A786AEF}.Release|Any CPU.ActiveCfg = Release|Any CPU
		{4F2EB3D5-5D3A-49CE-B05F-16F26A786AEF}.Release|Any CPU.Build.0 = Release|Any CPU
		{FDB24582-7A1E-4520-9183-E58A873703F4}.Debug|Any CPU.ActiveCfg = Debug|Any CPU
		{FDB24582-7A1E-4520-9183-E58A873703F4}.Debug|Any CPU.Build.0 = Debug|Any CPU
		{FDB24582-7A1E-4520-9183-E58A873703F4}.Release|Any CPU.ActiveCfg = Release|Any CPU
		{FDB24582-7A1E-4520-9183-E58A873703F4}.Release|Any CPU.Build.0 = Release|Any CPU
	EndGlobalSection
	GlobalSection(SolutionProperties) = preSolution
		HideSolutionNode = FALSE
	EndGlobalSection
	GlobalSection(ExtensibilityGlobals) = postSolution
		SolutionGuid = {F5908593-A520-4A4B-A16F-CED78F5A2314}
	EndGlobalSection
EndGlobal
